github.com/colinwilson/lotusdocs v0.2.0 h1:vG/frwOUKPRpF3xuXk177Pw73aFrFcT2zRgTI9FiiMY=
github.com/colinwilson/lotusdocs v0.2.0/go.mod h1:hGOYA9Ym3MA3YGmm9YHo9HkJxlHCyPNaYeFwvn/IFJY=
github.com/gohugoio/hugo-mod-bootstrap-scss/v5 v5.20300.20400 h1:L6+F22i76xmeWWwrtijAhUbf3BiRLmpO5j34bgl1ggU=
github.com/gohugoio/hugo-mod-bootstrap-scss/v5 v5.20300.20400/go.mod h1:uekq1D4ebeXgduLj8VIZy8TgfTjrLdSl6nPtVczso78=
github.com/gohugoio/hugo-mod-jslibs-dist/popperjs/v2 v2.21100.20000/go.mod h1:mFberT6ZtcchrsDtfvJM7aAH2bDKLdOnruUHl0hlapI=
github.com/hugomods/icons v0.6.6 h1:gGlafcBDRP7sSID+tgLcWdog+s/QBj8DIfU+h9tZj1U=
github.com/hugomods/icons v0.6.6/go.mod h1:cIkSvK6W0q6N4U6n9KGz+QfRWQXAW0INd+1P31gPNGg=
github.com/hugomods/icons/vendors/bootstrap v0.5.9 h1:IlKsW1iybTNZLYnMipyc2d9w51rUtu89lPMkocGaP6c=
github.com/hugomods/icons/vendors/bootstrap v0.5.9/go.mod h1:DuB5N1o3GCUyvYFnEeBvJRBrCHqbMWEbjoEWVLULggw=
github.com/hugomods/icons/vendors/font-awesome v0.6.12 h1:I8ckJFuxr8mD8bJ4NX9NrmnHd3f6XvITuD2ME8a9wXc=
github.com/hugomods/icons/vendors/font-awesome v0.6.12/go.mod h1:6YBo/5GaNpAocKwnKNWcd9xkliiRJXmwz2mstY5lr9I=
github.com/hugomods/icons/vendors/lucide v0.3.40 h1:lNaY9NqFgBmSCUzJkw7xlcGUUWwlDy70gDGyKXgsHV8=
github.com/hugomods/icons/vendors/lucide v0.3.40/go.mod h1:tgIPafbcACqfXEU1fc/TEx+hdKr7m7iDHZEgAKRkDJM=
github.com/hugomods/icons/vendors/simple-icons v1.1.1 h1:ZM+Oi+U3glq+WuVMsoplkQpCnRLd6UU416NZCydtPvw=
github.com/hugomods/icons/vendors/simple-icons v1.1.1/go.mod h1:ZKdcZ++UGSRnEoaVL+MTth91x4NJRIe8aJOD8oAFcRA=
github.com/twbs/bootstrap v5.3.3+incompatible/go.mod h1:fZTSrkpSf0/HkL0IIJzvVspTt1r9zuf7XlZau8kpcY0=
